
Microsoft Visual Studio Solution File, Format Version 12.00
# Visual Studio Version 17
VisualStudioVersion = 17.0.31903.59
MinimumVisualStudioVersion = 10.0.40219.1
Project("{2150E333-8FDC-42A3-9474-1A3956D46DE8}") = "src", "src", "{827E0CD3-B72D-47B6-A68D-7590B98EB39B}"
EndProject
Project("{FAE04EC0-301F-11D3-BF4B-00C04F79EFBC}") = "ILT.Domain", "src\ILT.Domain\ILT.Domain.csproj", "{7E4E4B0E-2604-4959-A494-FD765CBEBD1A}"
EndProject
Project("{FAE04EC0-301F-11D3-BF4B-00C04F79EFBC}") = "ILT.Application", "src\ILT.Application\ILT.Application.csproj", "{EFFA8E10-F68D-4868-A2A1-2C3CEEF703D7}"
EndProject
Project("{FAE04EC0-301F-11D3-BF4B-00C04F79EFBC}") = "ILT.Infrastructure", "src\ILT.Infrastructure\ILT.Infrastructure.csproj", "{22BBC987-07FE-4367-9962-88921E3A3461}"
EndProject
Project("{FAE04EC0-301F-11D3-BF4B-00C04F79EFBC}") = "ILT.Api", "src\ILT.Api\ILT.Api.csproj", "{2068EF60-C134-4A4A-A0C9-6181416DCB34}"
EndProject
Project("{2150E333-8FDC-42A3-9474-1A3956D46DE8}") = "tests", "tests", "{0AB3BF05-4346-4AA6-1389-037BE0695223}"
EndProject
Project("{FAE04EC0-301F-11D3-BF4B-00C04F79EFBC}") = "ILT.Tests", "tests\ILT.Tests\ILT.Tests.csproj", "{9ACAF4FB-9F4A-4197-AB83-BA8F84ECB845}"
EndProject
Global
	GlobalSection(SolutionConfigurationPlatforms) = preSolution
		Debug|Any CPU = Debug|Any CPU
		Debug|x64 = Debug|x64
		Debug|x86 = Debug|x86
		Release|Any CPU = Release|Any CPU
		Release|x64 = Release|x64
		Release|x86 = Release|x86
	EndGlobalSection
	GlobalSection(ProjectConfigurationPlatforms) = postSolution
		{7E4E4B0E-2604-4959-A494-FD765CBEBD1A}.Debug|Any CPU.ActiveCfg = Debug|Any CPU
		{7E4E4B0E-2604-4959-A494-FD765CBEBD1A}.Debug|Any CPU.Build.0 = Debug|Any CPU
		{7E4E4B0E-2604-4959-A494-FD765CBEBD1A}.Debug|x64.ActiveCfg = Debug|Any CPU
		{7E4E4B0E-2604-4959-A494-FD765CBEBD1A}.Debug|x64.Build.0 = Debug|Any CPU
		{7E4E4B0E-2604-4959-A494-FD765CBEBD1A}.Debug|x86.ActiveCfg = Debug|Any CPU
		{7E4E4B0E-2604-4959-A494-FD765CBEBD1A}.Debug|x86.Build.0 = Debug|Any CPU
		{7E4E4B0E-2604-4959-A494-FD765CBEBD1A}.Release|Any CPU.ActiveCfg = Release|Any CPU
		{7E4E4B0E-2604-4959-A494-FD765CBEBD1A}.Release|Any CPU.Build.0 = Release|Any CPU
		{7E4E4B0E-2604-4959-A494-FD765CBEBD1A}.Release|x64.ActiveCfg = Release|Any CPU
		{7E4E4B0E-2604-4959-A494-FD765CBEBD1A}.Release|x64.Build.0 = Release|Any CPU
		{7E4E4B0E-2604-4959-A494-FD765CBEBD1A}.Release|x86.ActiveCfg = Release|Any CPU
		{7E4E4B0E-2604-4959-A494-FD765CBEBD1A}.Release|x86.Build.0 = Release|Any CPU
		{EFFA8E10-F68D-4868-A2A1-2C3CEEF703D7}.Debug|Any CPU.ActiveCfg = Debug|Any CPU
		{EFFA8E10-F68D-4868-A2A1-2C3CEEF703D7}.Debug|Any CPU.Build.0 = Debug|Any CPU
		{EFFA8E10-F68D-4868-A2A1-2C3CEEF703D7}.Debug|x64.ActiveCfg = Debug|Any CPU
		{EFFA8E10-F68D-4868-A2A1-2C3CEEF703D7}.Debug|x64.Build.0 = Debug|Any CPU
		{EFFA8E10-F68D-4868-A2A1-2C3CEEF703D7}.Debug|x86.ActiveCfg = Debug|Any CPU
		{EFFA8E10-F68D-4868-A2A1-2C3CEEF703D7}.Debug|x86.Build.0 = Debug|Any CPU
		{EFFA8E10-F68D-4868-A2A1-2C3CEEF703D7}.Release|Any CPU.ActiveCfg = Release|Any CPU
		{EFFA8E10-F68D-4868-A2A1-2C3CEEF703D7}.Release|Any CPU.Build.0 = Release|Any CPU
		{EFFA8E10-F68D-4868-A2A1-2C3CEEF703D7}.Release|x64.ActiveCfg = Release|Any CPU
		{EFFA8E10-F68D-4868-A2A1-2C3CEEF703D7}.Release|x64.Build.0 = Release|Any CPU
		{EFFA8E10-F68D-4868-A2A1-2C3CEEF703D7}.Release|x86.ActiveCfg = Release|Any CPU
		{EFFA8E10-F68D-4868-A2A1-2C3CEEF703D7}.Release|x86.Build.0 = Release|Any CPU
		{22BBC987-07FE-4367-9962-88921E3A3461}.Debug|Any CPU.ActiveCfg = Debug|Any CPU
		{22BBC987-07FE-4367-9962-88921E3A3461}.Debug|Any CPU.Build.0 = Debug|Any CPU
		{22BBC987-07FE-4367-9962-88921E3A3461}.Debug|x64.ActiveCfg = Debug|Any CPU
		{22BBC987-07FE-4367-9962-88921E3A3461}.Debug|x64.Build.0 = Debug|Any CPU
		{22BBC987-07FE-4367-9962-88921E3A3461}.Debug|x86.ActiveCfg = Debug|Any CPU
		{22BBC987-07FE-4367-9962-88921E3A3461}.Debug|x86.Build.0 = Debug|Any CPU
		{22BBC987-07FE-4367-9962-88921E3A3461}.Release|Any CPU.ActiveCfg = Release|Any CPU
		{22BBC987-07FE-4367-9962-88921E3A3461}.Release|Any CPU.Build.0 = Release|Any CPU
		{22BBC987-07FE-4367-9962-88921E3A3461}.Release|x64.ActiveCfg = Release|Any CPU
		{22BBC987-07FE-4367-9962-88921E3A3461}.Release|x64.Build.0 = Release|Any CPU
		{22BBC987-07FE-4367-9962-88921E3A3461}.Release|x86.ActiveCfg = Release|Any CPU
		{22BBC987-07FE-4367-9962-88921E3A3461}.Release|x86.Build.0 = Release|Any CPU
		{2068EF60-C134-4A4A-A0C9-6181416DCB34}.Debug|Any CPU.ActiveCfg = Debug|Any CPU
		{2068EF60-C134-4A4A-A0C9-6181416DCB34}.Debug|Any CPU.Build.0 = Debug|Any CPU
		{2068EF60-C134-4A4A-A0C9-6181416DCB34}.Debug|x64.ActiveCfg = Debug|Any CPU
		{2068EF60-C134-4A4A-A0C9-6181416DCB34}.Debug|x64.Build.0 = Debug|Any CPU
		{2068EF60-C134-4A4A-A0C9-6181416DCB34}.Debug|x86.ActiveCfg = Debug|Any CPU
		{2068EF60-C134-4A4A-A0C9-6181416DCB34}.Debug|x86.Build.0 = Debug|Any CPU
		{2068EF60-C134-4A4A-A0C9-6181416DCB34}.Release|Any CPU.ActiveCfg = Release|Any CPU
		{2068EF60-C134-4A4A-A0C9-6181416DCB34}.Release|Any CPU.Build.0 = Release|Any CPU
		{2068EF60-C134-4A4A-A0C9-6181416DCB34}.Release|x64.ActiveCfg = Release|Any CPU
		{2068EF60-C134-4A4A-A0C9-6181416DCB34}.Release|x64.Build.0 = Release|Any CPU
		{2068EF60-C134-4A4A-A0C9-6181416DCB34}.Release|x86.ActiveCfg = Release|Any CPU
		{2068EF60-C134-4A4A-A0C9-6181416DCB34}.Release|x86.Build.0 = Release|Any CPU
		{9ACAF4FB-9F4A-4197-AB83-BA8F84ECB845}.Debug|Any CPU.ActiveCfg = Debug|Any CPU
		{9ACAF4FB-9F4A-4197-AB83-BA8F84ECB845}.Debug|Any CPU.Build.0 = Debug|Any CPU
		{9ACAF4FB-9F4A-4197-AB83-BA8F84ECB845}.Debug|x64.ActiveCfg = Debug|Any CPU
		{9ACAF4FB-9F4A-4197-AB83-BA8F84ECB845}.Debug|x64.Build.0 = Debug|Any CPU
		{9ACAF4FB-9F4A-4197-AB83-BA8F84ECB845}.Debug|x86.ActiveCfg = Debug|Any CPU
		{9ACAF4FB-9F4A-4197-AB83-BA8F84ECB845}.Debug|x86.Build.0 = Debug|Any CPU
		{9ACAF4FB-9F4A-4197-AB83-BA8F84ECB845}.Release|Any CPU.ActiveCfg = Release|Any CPU
		{9ACAF4FB-9F4A-4197-AB83-BA8F84ECB845}.Release|Any CPU.Build.0 = Release|Any CPU
		{9ACAF4FB-9F4A-4197-AB83-BA8F84ECB845}.Release|x64.ActiveCfg = Release|Any CPU
		{9ACAF4FB-9F4A-4197-AB83-BA8F84ECB845}.Release|x64.Build.0 = Release|Any CPU
		{9ACAF4FB-9F4A-4197-AB83-BA8F84ECB845}.Release|x86.ActiveCfg = Release|Any CPU
		{9ACAF4FB-9F4A-4197-AB83-BA8F84ECB845}.Release|x86.Build.0 = Release|Any CPU
	EndGlobalSection
	GlobalSection(SolutionProperties) = preSolution
		HideSolutionNode = FALSE
	EndGlobalSection
	GlobalSection(NestedProjects) = preSolution
		{7E4E4B0E-2604-4959-A494-FD765CBEBD1A} = {827E0CD3-B72D-47B6-A68D-7590B98EB39B}
		{EFFA8E10-F68D-4868-A2A1-2C3CEEF703D7} = {827E0CD3-B72D-47B6-A68D-7590B98EB39B}
		{22BBC987-07FE-4367-9962-88921E3A3461} = {827E0CD3-B72D-47B6-A68D-7590B98EB39B}
		{2068EF60-C134-4A4A-A0C9-6181416DCB34} = {827E0CD3-B72D-47B6-A68D-7590B98EB39B}
		{9ACAF4FB-9F4A-4197-AB83-BA8F84ECB845} = {0AB3BF05-4346-4AA6-1389-037BE0695223}
	EndGlobalSection
EndGlobal
